// !$*UTF8*$!
{
	archiveVersion = 1;
	classes = {
	};
	objectVersion = 77;
	objects = {

/* Begin PBXBuildFile section */
		AC220A282E7BA8BB00913FD5 /* GoogleService-Info.plist in Resources */ = {isa = PBXBuildFile; fileRef = AC220A272E7BA8BB00913FD5 /* GoogleService-Info.plist */; };
		AC9C5B962E57E39600E06D99 /* Auth in Frameworks */ = {isa = PBXBuildFile; productRef = AC9C5B952E57E39600E06D99 /* Auth */; };
		AC9C5B982E57E39600E06D99 /* Functions in Frameworks */ = {isa = PBXBuildFile; productRef = AC9C5B972E57E39600E06D99 /* Functions */; };
		AC9C5B9A2E57E39600E06D99 /* PostgREST in Frameworks */ = {isa = PBXBuildFile; productRef = AC9C5B992E57E39600E06D99 /* PostgREST */; };
		AC9C5B9C2E57E39600E06D99 /* Realtime in Frameworks */ = {isa = PBXBuildFile; productRef = AC9C5B9B2E57E39600E06D99 /* Realtime */; };
		AC9C5B9E2E57E39600E06D99 /* Storage in Frameworks */ = {isa = PBXBuildFile; productRef = AC9C5B9D2E57E39600E06D99 /* Storage */; };
		AC9C5BA02E57E39600E06D99 /* Supabase in Frameworks */ = {isa = PBXBuildFile; productRef = AC9C5B9F2E57E39600E06D99 /* Supabase */; };
		ACBA98BE2E7C9D0200670345 /* Stripe in Frameworks */ = {isa = PBXBuildFile; productRef = ACBA98BD2E7C9D0200670345 /* Stripe */; };
		ACBA98C02E7C9D0200670345 /* StripeApplePay in Frameworks */ = {isa = PBXBuildFile; productRef = ACBA98BF2E7C9D0200670345 /* StripeApplePay */; };
		ACBA98C22E7C9D0200670345 /* StripeCardScan in Frameworks */ = {isa = PBXBuildFile; productRef = ACBA98C12E7C9D0200670345 /* StripeCardScan */; };
		ACBA98C42E7C9D0200670345 /* StripeConnect in Frameworks */ = {isa = PBXBuildFile; productRef = ACBA98C32E7C9D0200670345 /* StripeConnect */; };
		ACBA98C62E7C9D0200670345 /* StripeFinancialConnections in Frameworks */ = {isa = PBXBuildFile; productRef = ACBA98C52E7C9D0200670345 /* StripeFinancialConnections */; };
		ACBA98C82E7C9D0200670345 /* StripeIdentity in Frameworks */ = {isa = PBXBuildFile; productRef = ACBA98C72E7C9D0200670345 /* StripeIdentity */; };
		ACBA98CA2E7C9D0200670345 /* StripePaymentSheet in Frameworks */ = {isa = PBXBuildFile; productRef = ACBA98C92E7C9D0200670345 /* StripePaymentSheet */; };
		ACBA98CC2E7C9D0200670345 /* StripePayments in Frameworks */ = {isa = PBXBuildFile; productRef = ACBA98CB2E7C9D0200670345 /* StripePayments */; };
		ACBA98CE2E7C9D0200670345 /* StripePaymentsUI in Frameworks */ = {isa = PBXBuildFile; productRef = ACBA98CD2E7C9D0200670345 /* StripePaymentsUI */; };
		ACBA98D12E7C9DCA00670345 /* FirebaseCore in Frameworks */ = {isa = PBXBuildFile; productRef = ACBA98D02E7C9DCA00670345 /* FirebaseCore */; };
		ACBA98D32E7C9DCA00670345 /* FirebaseInAppMessaging-Beta in Frameworks */ = {isa = PBXBuildFile; productRef = ACBA98D22E7C9DCA00670345 /* FirebaseInAppMessaging-Beta */; };
		ACBA98D52E7C9DCA00670345 /* FirebaseMessaging in Frameworks */ = {isa = PBXBuildFile; productRef = ACBA98D42E7C9DCA00670345 /* FirebaseMessaging */; };
		ACBA98D82E7C9F1400670345 /* Inject in Frameworks */ = {isa = PBXBuildFile; productRef = ACBA98D72E7C9F1400670345 /* Inject */; };
		ACCB0F252E57EDF200B0DC7E /* .env in Resources */ = {isa = PBXBuildFile; fileRef = ACCB0F242E57EDF200B0DC7E /* .env */; };
		ACCB0F272E57EDFD00B0DC7E /* .gitignore in Resources */ = {isa = PBXBuildFile; fileRef = ACCB0F262E57EDFD00B0DC7E /* .gitignore */; };
/* End PBXBuildFile section */

/* Begin PBXContainerItemProxy section */
		AC88C0A72E54FCBE00CBD98E /* PBXContainerItemProxy */ = {
			isa = PBXContainerItemProxy;
			containerPortal = AC88C08C2E54FCBB00CBD98E /* Project object */;
			proxyType = 1;
			remoteGlobalIDString = AC88C0932E54FCBB00CBD98E;
			remoteInfo = Zip;
		};
		AC88C0B12E54FCBE00CBD98E /* PBXContainerItemProxy */ = {
			isa = PBXContainerItemProxy;
			containerPortal = AC88C08C2E54FCBB00CBD98E /* Project object */;
			proxyType = 1;
			remoteGlobalIDString = AC88C0932E54FCBB00CBD98E;
			remoteInfo = Zip;
		};
/* End PBXContainerItemProxy section */

/* Begin PBXFileReference section */
		AC220A272E7BA8BB00913FD5 /* GoogleService-Info.plist */ = {isa = PBXFileReference; lastKnownFileType = text.plist.xml; path = "GoogleService-Info.plist"; sourceTree = "<group>"; };
		AC88C0942E54FCBC00CBD98E /* Zip.app */ = {isa = PBXFileReference; explicitFileType = wrapper.application; includeInIndex = 0; path = Zip.app; sourceTree = BUILT_PRODUCTS_DIR; };
		AC88C0A62E54FCBE00CBD98E /* ZipTests.xctest */ = {isa = PBXFileReference; explicitFileType = wrapper.cfbundle; includeInIndex = 0; path = ZipTests.xctest; sourceTree = BUILT_PRODUCTS_DIR; };
		AC88C0B02E54FCBE00CBD98E /* ZipUITests.xctest */ = {isa = PBXFileReference; explicitFileType = wrapper.cfbundle; includeInIndex = 0; path = ZipUITests.xctest; sourceTree = BUILT_PRODUCTS_DIR; };
		AC93BC412E5A413D00E938B6 /* buildServer.json */ = {isa = PBXFileReference; lastKnownFileType = text.json; path = buildServer.json; sourceTree = "<group>"; };
		ACCB0F242E57EDF200B0DC7E /* .env */ = {isa = PBXFileReference; lastKnownFileType = text; path = .env; sourceTree = "<group>"; };
		ACCB0F262E57EDFD00B0DC7E /* .gitignore */ = {isa = PBXFileReference; lastKnownFileType = text; path = .gitignore; sourceTree = "<group>"; };
/* End PBXFileReference section */

/* Begin PBXFileSystemSynchronizedBuildFileExceptionSet section */
		AC5D82392E71346A00F34C22 /* Exceptions for "Zip" folder in "Zip" target */ = {
			isa = PBXFileSystemSynchronizedBuildFileExceptionSet;
			membershipExceptions = (
				Info.plist,
			);
			target = AC88C0932E54FCBB00CBD98E /* Zip */;
		};
/* End PBXFileSystemSynchronizedBuildFileExceptionSet section */

/* Begin PBXFileSystemSynchronizedRootGroup section */
		AC88C0962E54FCBC00CBD98E /* Zip */ = {
			isa = PBXFileSystemSynchronizedRootGroup;
			exceptions = (
				AC5D82392E71346A00F34C22 /* Exceptions for "Zip" folder in "Zip" target */,
			);
			path = Zip;
			sourceTree = "<group>";
		};
		AC88C0A92E54FCBE00CBD98E /* ZipTests */ = {
			isa = PBXFileSystemSynchronizedRootGroup;
			path = ZipTests;
			sourceTree = "<group>";
		};
		AC88C0B32E54FCBE00CBD98E /* ZipUITests */ = {
			isa = PBXFileSystemSynchronizedRootGroup;
			path = ZipUITests;
			sourceTree = "<group>";
		};
/* End PBXFileSystemSynchronizedRootGroup section */

/* Begin PBXFrameworksBuildPhase section */
		AC88C0912E54FCBB00CBD98E /* Frameworks */ = {
			isa = PBXFrameworksBuildPhase;
			buildActionMask = 2147483647;
			files = (
				ACBA98D82E7C9F1400670345 /* Inject in Frameworks */,
				ACBA98D52E7C9DCA00670345 /* FirebaseMessaging in Frameworks */,
				ACBA98C22E7C9D0200670345 /* StripeCardScan in Frameworks */,
				ACBA98CA2E7C9D0200670345 /* StripePaymentSheet in Frameworks */,
				ACBA98BE2E7C9D0200670345 /* Stripe in Frameworks */,
				ACBA98CE2E7C9D0200670345 /* StripePaymentsUI in Frameworks */,
				ACBA98C02E7C9D0200670345 /* StripeApplePay in Frameworks */,
				ACBA98D32E7C9DCA00670345 /* FirebaseInAppMessaging-Beta in Frameworks */,
				ACBA98C82E7C9D0200670345 /* StripeIdentity in Frameworks */,
				ACBA98D12E7C9DCA00670345 /* FirebaseCore in Frameworks */,
				ACBA98C62E7C9D0200670345 /* StripeFinancialConnections in Frameworks */,
				AC9C5BA02E57E39600E06D99 /* Supabase in Frameworks */,
				ACBA98C42E7C9D0200670345 /* StripeConnect in Frameworks */,
				AC9C5B9E2E57E39600E06D99 /* Storage in Frameworks */,
				AC9C5B9A2E57E39600E06D99 /* PostgREST in Frameworks */,
				AC9C5B982E57E39600E06D99 /* Functions in Frameworks */,
				AC9C5B962E57E39600E06D99 /* Auth in Frameworks */,
				ACBA98CC2E7C9D0200670345 /* StripePayments in Frameworks */,
				AC9C5B9C2E57E39600E06D99 /* Realtime in Frameworks */,
			);
			runOnlyForDeploymentPostprocessing = 0;
		};
		AC88C0A32E54FCBE00CBD98E /* Frameworks */ = {
			isa = PBXFrameworksBuildPhase;
			buildActionMask = 2147483647;
			files = (
			);
			runOnlyForDeploymentPostprocessing = 0;
		};
		AC88C0AD2E54FCBE00CBD98E /* Frameworks */ = {
			isa = PBXFrameworksBuildPhase;
			buildActionMask = 2147483647;
			files = (
			);
			runOnlyForDeploymentPostprocessing = 0;
		};
/* End PBXFrameworksBuildPhase section */

/* Begin PBXGroup section */
		AC88C08B2E54FCBB00CBD98E = {
			isa = PBXGroup;
			children = (
				AC220A272E7BA8BB00913FD5 /* GoogleService-Info.plist */,
				AC93BC412E5A413D00E938B6 /* buildServer.json */,
				ACCB0F262E57EDFD00B0DC7E /* .gitignore */,
				ACCB0F242E57EDF200B0DC7E /* .env */,
				AC88C0962E54FCBC00CBD98E /* Zip */,
				AC88C0A92E54FCBE00CBD98E /* ZipTests */,
				AC88C0B32E54FCBE00CBD98E /* ZipUITests */,
				AC88C0952E54FCBC00CBD98E /* Products */,
			);
			sourceTree = "<group>";
		};
		AC88C0952E54FCBC00CBD98E /* Products */ = {
			isa = PBXGroup;
			children = (
				AC88C0942E54FCBC00CBD98E /* Zip.app */,
				AC88C0A62E54FCBE00CBD98E /* ZipTests.xctest */,
				AC88C0B02E54FCBE00CBD98E /* ZipUITests.xctest */,
			);
			name = Products;
			sourceTree = "<group>";
		};
/* End PBXGroup section */

/* Begin PBXNativeTarget section */
		AC88C0932E54FCBB00CBD98E /* Zip */ = {
			isa = PBXNativeTarget;
			buildConfigurationList = AC88C0BA2E54FCBE00CBD98E /* Build configuration list for PBXNativeTarget "Zip" */;
			buildPhases = (
				AC88C0902E54FCBB00CBD98E /* Sources */,
				AC88C0912E54FCBB00CBD98E /* Frameworks */,
				AC88C0922E54FCBB00CBD98E /* Resources */,
			);
			buildRules = (
			);
			dependencies = (
			);
			fileSystemSynchronizedGroups = (
				AC88C0962E54FCBC00CBD98E /* Zip */,
			);
			name = Zip;
			packageProductDependencies = (
				AC9C5B952E57E39600E06D99 /* Auth */,
				AC9C5B972E57E39600E06D99 /* Functions */,
				AC9C5B992E57E39600E06D99 /* PostgREST */,
				AC9C5B9B2E57E39600E06D99 /* Realtime */,
				AC9C5B9D2E57E39600E06D99 /* Storage */,
				AC9C5B9F2E57E39600E06D99 /* Supabase */,
				ACBA98BD2E7C9D0200670345 /* Stripe */,
				ACBA98BF2E7C9D0200670345 /* StripeApplePay */,
				ACBA98C12E7C9D0200670345 /* StripeCardScan */,
				ACBA98C32E7C9D0200670345 /* StripeConnect */,
				ACBA98C52E7C9D0200670345 /* StripeFinancialConnections */,
				ACBA98C72E7C9D0200670345 /* StripeIdentity */,
				ACBA98C92E7C9D0200670345 /* StripePaymentSheet */,
				ACBA98CB2E7C9D0200670345 /* StripePayments */,
				ACBA98CD2E7C9D0200670345 /* StripePaymentsUI */,
				ACBA98D02E7C9DCA00670345 /* FirebaseCore */,
				ACBA98D22E7C9DCA00670345 /* FirebaseInAppMessaging-Beta */,
				ACBA98D42E7C9DCA00670345 /* FirebaseMessaging */,
				ACBA98D72E7C9F1400670345 /* Inject */,
			);
			productName = Zip;
			productReference = AC88C0942E54FCBC00CBD98E /* Zip.app */;
			productType = "com.apple.product-type.application";
		};
		AC88C0A52E54FCBE00CBD98E /* ZipTests */ = {
			isa = PBXNativeTarget;
			buildConfigurationList = AC88C0BD2E54FCBE00CBD98E /* Build configuration list for PBXNativeTarget "ZipTests" */;
			buildPhases = (
				AC88C0A22E54FCBE00CBD98E /* Sources */,
				AC88C0A32E54FCBE00CBD98E /* Frameworks */,
				AC88C0A42E54FCBE00CBD98E /* Resources */,
			);
			buildRules = (
			);
			dependencies = (
				AC88C0A82E54FCBE00CBD98E /* PBXTargetDependency */,
			);
			fileSystemSynchronizedGroups = (
				AC88C0A92E54FCBE00CBD98E /* ZipTests */,
			);
			name = ZipTests;
			packageProductDependencies = (
			);
			productName = ZipTests;
			productReference = AC88C0A62E54FCBE00CBD98E /* ZipTests.xctest */;
			productType = "com.apple.product-type.bundle.unit-test";
		};
		AC88C0AF2E54FCBE00CBD98E /* ZipUITests */ = {
			isa = PBXNativeTarget;
			buildConfigurationList = AC88C0C02E54FCBE00CBD98E /* Build configuration list for PBXNativeTarget "ZipUITests" */;
			buildPhases = (
				AC88C0AC2E54FCBE00CBD98E /* Sources */,
				AC88C0AD2E54FCBE00CBD98E /* Frameworks */,
				AC88C0AE2E54FCBE00CBD98E /* Resources */,
			);
			buildRules = (
			);
			dependencies = (
				AC88C0B22E54FCBE00CBD98E /* PBXTargetDependency */,
			);
			fileSystemSynchronizedGroups = (
				AC88C0B32E54FCBE00CBD98E /* ZipUITests */,
			);
			name = ZipUITests;
			packageProductDependencies = (
			);
			productName = ZipUITests;
			productReference = AC88C0B02E54FCBE00CBD98E /* ZipUITests.xctest */;
			productType = "com.apple.product-type.bundle.ui-testing";
		};
/* End PBXNativeTarget section */

/* Begin PBXProject section */
		AC88C08C2E54FCBB00CBD98E /* Project object */ = {
			isa = PBXProject;
			attributes = {
				BuildIndependentTargetsInParallel = 1;
				LastSwiftUpdateCheck = 1610;
				LastUpgradeCheck = 1610;
				TargetAttributes = {
					AC88C0932E54FCBB00CBD98E = {
						CreatedOnToolsVersion = 16.1;
					};
					AC88C0A52E54FCBE00CBD98E = {
						CreatedOnToolsVersion = 16.1;
						TestTargetID = AC88C0932E54FCBB00CBD98E;
					};
					AC88C0AF2E54FCBE00CBD98E = {
						CreatedOnToolsVersion = 16.1;
						TestTargetID = AC88C0932E54FCBB00CBD98E;
					};
				};
			};
			buildConfigurationList = AC88C08F2E54FCBB00CBD98E /* Build configuration list for PBXProject "Zip" */;
			developmentRegion = en;
			hasScannedForEncodings = 0;
			knownRegions = (
				en,
				Base,
			);
			mainGroup = AC88C08B2E54FCBB00CBD98E;
			minimizedProjectReferenceProxies = 1;
			packageReferences = (
				AC9C5B942E57E39600E06D99 /* XCRemoteSwiftPackageReference "supabase-swift" */,
				ACBA98BC2E7C9D0200670345 /* XCRemoteSwiftPackageReference "stripe-ios" */,
				ACBA98CF2E7C9DCA00670345 /* XCRemoteSwiftPackageReference "firebase-ios-sdk" */,
				ACBA98D62E7C9F1400670345 /* XCRemoteSwiftPackageReference "Inject" */,
			);
			preferredProjectObjectVersion = 77;
			productRefGroup = AC88C0952E54FCBC00CBD98E /* Products */;
			projectDirPath = "";
			projectRoot = "";
			targets = (
				AC88C0932E54FCBB00CBD98E /* Zip */,
				AC88C0A52E54FCBE00CBD98E /* ZipTests */,
				AC88C0AF2E54FCBE00CBD98E /* ZipUITests */,
			);
		};
/* End PBXProject section */

/* Begin PBXResourcesBuildPhase section */
		AC88C0922E54FCBB00CBD98E /* Resources */ = {
			isa = PBXResourcesBuildPhase;
			buildActionMask = 2147483647;
			files = (
				AC220A282E7BA8BB00913FD5 /* GoogleService-Info.plist in Resources */,
				ACCB0F272E57EDFD00B0DC7E /* .gitignore in Resources */,
				ACCB0F252E57EDF200B0DC7E /* .env in Resources */,
			);
			runOnlyForDeploymentPostprocessing = 0;
		};
		AC88C0A42E54FCBE00CBD98E /* Resources */ = {
			isa = PBXResourcesBuildPhase;
			buildActionMask = 2147483647;
			files = (
			);
			runOnlyForDeploymentPostprocessing = 0;
		};
		AC88C0AE2E54FCBE00CBD98E /* Resources */ = {
			isa = PBXResourcesBuildPhase;
			buildActionMask = 2147483647;
			files = (
			);
			runOnlyForDeploymentPostprocessing = 0;
		};
/* End PBXResourcesBuildPhase section */

/* Begin PBXSourcesBuildPhase section */
		AC88C0902E54FCBB00CBD98E /* Sources */ = {
			isa = PBXSourcesBuildPhase;
			buildActionMask = 2147483647;
			files = (
			);
			runOnlyForDeploymentPostprocessing = 0;
		};
		AC88C0A22E54FCBE00CBD98E /* Sources */ = {
			isa = PBXSourcesBuildPhase;
			buildActionMask = 2147483647;
			files = (
			);
			runOnlyForDeploymentPostprocessing = 0;
		};
		AC88C0AC2E54FCBE00CBD98E /* Sources */ = {
			isa = PBXSourcesBuildPhase;
			buildActionMask = 2147483647;
			files = (
			);
			runOnlyForDeploymentPostprocessing = 0;
		};
/* End PBXSourcesBuildPhase section */

/* Begin PBXTargetDependency section */
		AC88C0A82E54FCBE00CBD98E /* PBXTargetDependency */ = {
			isa = PBXTargetDependency;
			target = AC88C0932E54FCBB00CBD98E /* Zip */;
			targetProxy = AC88C0A72E54FCBE00CBD98E /* PBXContainerItemProxy */;
		};
		AC88C0B22E54FCBE00CBD98E /* PBXTargetDependency */ = {
			isa = PBXTargetDependency;
			target = AC88C0932E54FCBB00CBD98E /* Zip */;
			targetProxy = AC88C0B12E54FCBE00CBD98E /* PBXContainerItemProxy */;
		};
/* End PBXTargetDependency section */

/* Begin XCBuildConfiguration section */
		AC88C0B82E54FCBE00CBD98E /* Debug */ = {
			isa = XCBuildConfiguration;
			buildSettings = {
				ALWAYS_SEARCH_USER_PATHS = NO;
				ASSETCATALOG_COMPILER_GENERATE_SWIFT_ASSET_SYMBOL_EXTENSIONS = YES;
				CLANG_ANALYZER_NONNULL = YES;
				CLANG_ANALYZER_NUMBER_OBJECT_CONVERSION = YES_AGGRESSIVE;
				CLANG_CXX_LANGUAGE_STANDARD = "gnu++20";
				CLANG_ENABLE_MODULES = YES;
				CLANG_ENABLE_OBJC_ARC = YES;
				CLANG_ENABLE_OBJC_WEAK = YES;
				CLANG_WARN_BLOCK_CAPTURE_AUTORELEASING = YES;
				CLANG_WARN_BOOL_CONVERSION = YES;
				CLANG_WARN_COMMA = YES;
				CLANG_WARN_CONSTANT_CONVERSION = YES;
				CLANG_WARN_DEPRECATED_OBJC_IMPLEMENTATIONS = YES;
				CLANG_WARN_DIRECT_OBJC_ISA_USAGE = YES_ERROR;
				CLANG_WARN_DOCUMENTATION_COMMENTS = YES;
				CLANG_WARN_EMPTY_BODY = YES;
				CLANG_WARN_ENUM_CONVERSION = YES;
				CLANG_WARN_INFINITE_RECURSION = YES;
				CLANG_WARN_INT_CONVERSION = YES;
				CLANG_WARN_NON_LITERAL_NULL_CONVERSION = YES;
				CLANG_WARN_OBJC_IMPLICIT_RETAIN_SELF = YES;
				CLANG_WARN_OBJC_LITERAL_CONVERSION = YES;
				CLANG_WARN_OBJC_ROOT_CLASS = YES_ERROR;
				CLANG_WARN_QUOTED_INCLUDE_IN_FRAMEWORK_HEADER = YES;
				CLANG_WARN_RANGE_LOOP_ANALYSIS = YES;
				CLANG_WARN_STRICT_PROTOTYPES = YES;
				CLANG_WARN_SUSPICIOUS_MOVE = YES;
				CLANG_WARN_UNGUARDED_AVAILABILITY = YES_AGGRESSIVE;
				CLANG_WARN_UNREACHABLE_CODE = YES;
				CLANG_WARN__DUPLICATE_METHOD_MATCH = YES;
				COPY_PHASE_STRIP = NO;
				DEBUG_INFORMATION_FORMAT = dwarf;
				ENABLE_STRICT_OBJC_MSGSEND = YES;
				ENABLE_TESTABILITY = YES;
				ENABLE_USER_SCRIPT_SANDBOXING = YES;
				GCC_C_LANGUAGE_STANDARD = gnu17;
				GCC_DYNAMIC_NO_PIC = NO;
				GCC_NO_COMMON_BLOCKS = YES;
				GCC_OPTIMIZATION_LEVEL = 0;
				GCC_PREPROCESSOR_DEFINITIONS = (
					"DEBUG=1",
					"$(inherited)",
				);
				GCC_WARN_64_TO_32_BIT_CONVERSION = YES;
				GCC_WARN_ABOUT_RETURN_TYPE = YES_ERROR;
				GCC_WARN_UNDECLARED_SELECTOR = YES;
				GCC_WARN_UNINITIALIZED_AUTOS = YES_AGGRESSIVE;
				GCC_WARN_UNUSED_FUNCTION = YES;
				GCC_WARN_UNUSED_VARIABLE = YES;
				IPHONEOS_DEPLOYMENT_TARGET = 18.1;
				LOCALIZATION_PREFERS_STRING_CATALOGS = YES;
				MTL_ENABLE_DEBUG_INFO = INCLUDE_SOURCE;
				MTL_FAST_MATH = YES;
				ONLY_ACTIVE_ARCH = YES;
				SDKROOT = iphoneos;
				SWIFT_ACTIVE_COMPILATION_CONDITIONS = "DEBUG $(inherited)";
				SWIFT_OPTIMIZATION_LEVEL = "-Onone";
			};
			name = Debug;
		};
		AC88C0B92E54FCBE00CBD98E /* Release */ = {
			isa = XCBuildConfiguration;
			buildSettings = {
				ALWAYS_SEARCH_USER_PATHS = NO;
				ASSETCATALOG_COMPILER_GENERATE_SWIFT_ASSET_SYMBOL_EXTENSIONS = YES;
				CLANG_ANALYZER_NONNULL = YES;
				CLANG_ANALYZER_NUMBER_OBJECT_CONVERSION = YES_AGGRESSIVE;
				CLANG_CXX_LANGUAGE_STANDARD = "gnu++20";
				CLANG_ENABLE_MODULES = YES;
				CLANG_ENABLE_OBJC_ARC = YES;
				CLANG_ENABLE_OBJC_WEAK = YES;
				CLANG_WARN_BLOCK_CAPTURE_AUTORELEASING = YES;
				CLANG_WARN_BOOL_CONVERSION = YES;
				CLANG_WARN_COMMA = YES;
				CLANG_WARN_CONSTANT_CONVERSION = YES;
				CLANG_WARN_DEPRECATED_OBJC_IMPLEMENTATIONS = YES;
				CLANG_WARN_DIRECT_OBJC_ISA_USAGE = YES_ERROR;
				CLANG_WARN_DOCUMENTATION_COMMENTS = YES;
				CLANG_WARN_EMPTY_BODY = YES;
				CLANG_WARN_ENUM_CONVERSION = YES;
				CLANG_WARN_INFINITE_RECURSION = YES;
				CLANG_WARN_INT_CONVERSION = YES;
				CLANG_WARN_NON_LITERAL_NULL_CONVERSION = YES;
				CLANG_WARN_OBJC_IMPLICIT_RETAIN_SELF = YES;
				CLANG_WARN_OBJC_LITERAL_CONVERSION = YES;
				CLANG_WARN_OBJC_ROOT_CLASS = YES_ERROR;
				CLANG_WARN_QUOTED_INCLUDE_IN_FRAMEWORK_HEADER = YES;
				CLANG_WARN_RANGE_LOOP_ANALYSIS = YES;
				CLANG_WARN_STRICT_PROTOTYPES = YES;
				CLANG_WARN_SUSPICIOUS_MOVE = YES;
				CLANG_WARN_UNGUARDED_AVAILABILITY = YES_AGGRESSIVE;
				CLANG_WARN_UNREACHABLE_CODE = YES;
				CLANG_WARN__DUPLICATE_METHOD_MATCH = YES;
				COPY_PHASE_STRIP = NO;
				DEBUG_INFORMATION_FORMAT = "dwarf-with-dsym";
				ENABLE_NS_ASSERTIONS = NO;
				ENABLE_STRICT_OBJC_MSGSEND = YES;
				ENABLE_USER_SCRIPT_SANDBOXING = YES;
				GCC_C_LANGUAGE_STANDARD = gnu17;
				GCC_NO_COMMON_BLOCKS = YES;
				GCC_WARN_64_TO_32_BIT_CONVERSION = YES;
				GCC_WARN_ABOUT_RETURN_TYPE = YES_ERROR;
				GCC_WARN_UNDECLARED_SELECTOR = YES;
				GCC_WARN_UNINITIALIZED_AUTOS = YES_AGGRESSIVE;
				GCC_WARN_UNUSED_FUNCTION = YES;
				GCC_WARN_UNUSED_VARIABLE = YES;
				IPHONEOS_DEPLOYMENT_TARGET = 18.1;
				LOCALIZATION_PREFERS_STRING_CATALOGS = YES;
				MTL_ENABLE_DEBUG_INFO = NO;
				MTL_FAST_MATH = YES;
				SDKROOT = iphoneos;
				SWIFT_COMPILATION_MODE = wholemodule;
				VALIDATE_PRODUCT = YES;
			};
			name = Release;
		};
		AC88C0BB2E54FCBE00CBD98E /* Debug */ = {
			isa = XCBuildConfiguration;
			buildSettings = {
				ASSETCATALOG_COMPILER_APPICON_NAME = AppIcon;
				ASSETCATALOG_COMPILER_GLOBAL_ACCENT_COLOR_NAME = AccentColor;
				CODE_SIGN_ENTITLEMENTS = Zip/Zip.entitlements;
				CODE_SIGN_STYLE = Automatic;
				CURRENT_PROJECT_VERSION = 4;
				DEVELOPMENT_ASSET_PATHS = "\"Zip/Preview Content\"";
				DEVELOPMENT_TEAM = KD89TX699B;
				ENABLE_PREVIEWS = YES;
				GENERATE_INFOPLIST_FILE = YES;
				INFOPLIST_FILE = Zip/Info.plist;
				INFOPLIST_KEY_CFBundleDisplayName = Zip;
				INFOPLIST_KEY_NSCameraUsageDescription = "his permission is required by a third-party component but is not actively used by this app";
				INFOPLIST_KEY_NSLocationAlwaysAndWhenInUseUsageDescription = "This app needs location permissions to deliver goods to the user's specified address";
				INFOPLIST_KEY_NSLocationWhenInUseUsageDescription = "Zip needs your location to suggest nearby addresses for delivery.";
				INFOPLIST_KEY_UIApplicationSceneManifest_Generation = YES;
				INFOPLIST_KEY_UIApplicationSupportsIndirectInputEvents = YES;
				INFOPLIST_KEY_UILaunchScreen_Generation = YES;
				INFOPLIST_KEY_UISupportedInterfaceOrientations_iPad = "UIInterfaceOrientationPortrait UIInterfaceOrientationPortraitUpsideDown UIInterfaceOrientationLandscapeLeft UIInterfaceOrientationLandscapeRight";
				INFOPLIST_KEY_UISupportedInterfaceOrientations_iPhone = "UIInterfaceOrientationPortrait UIInterfaceOrientationLandscapeLeft UIInterfaceOrientationLandscapeRight";
				LD_RUNPATH_SEARCH_PATHS = (
					"$(inherited)",
					"@executable_path/Frameworks",
				);
				MARKETING_VERSION = 1.0;
				"OTHER_LDFLAGS[arch=*]" = (
					"-Xlinker",
					"-interposable",
				);
				PRODUCT_BUNDLE_IDENTIFIER = com.finnmcm.zip;
				PRODUCT_NAME = "$(TARGET_NAME)";
				SWIFT_EMIT_LOC_STRINGS = YES;
				SWIFT_VERSION = 5.0;
				TARGETED_DEVICE_FAMILY = "1,2";
			};
			name = Debug;
		};
		AC88C0BC2E54FCBE00CBD98E /* Release */ = {
			isa = XCBuildConfiguration;
			buildSettings = {
				ASSETCATALOG_COMPILER_APPICON_NAME = AppIcon;
				ASSETCATALOG_COMPILER_GLOBAL_ACCENT_COLOR_NAME = AccentColor;
				CODE_SIGN_ENTITLEMENTS = Zip/Zip.entitlements;
				CODE_SIGN_STYLE = Automatic;
				CURRENT_PROJECT_VERSION = 4;
				DEVELOPMENT_ASSET_PATHS = "\"Zip/Preview Content\"";
				DEVELOPMENT_TEAM = KD89TX699B;
				ENABLE_PREVIEWS = YES;
				GENERATE_INFOPLIST_FILE = YES;
				INFOPLIST_FILE = Zip/Info.plist;
				INFOPLIST_KEY_CFBundleDisplayName = Zip;
				INFOPLIST_KEY_NSCameraUsageDescription = "his permission is required by a third-party component but is not actively used by this app";
				INFOPLIST_KEY_NSLocationAlwaysAndWhenInUseUsageDescription = "This app needs location permissions to deliver goods to the user's specified address";
				INFOPLIST_KEY_NSLocationWhenInUseUsageDescription = "Zip needs your location to suggest nearby addresses for delivery.";
				INFOPLIST_KEY_UIApplicationSceneManifest_Generation = YES;
				INFOPLIST_KEY_UIApplicationSupportsIndirectInputEvents = YES;
				INFOPLIST_KEY_UILaunchScreen_Generation = YES;
				INFOPLIST_KEY_UISupportedInterfaceOrientations_iPad = "UIInterfaceOrientationPortrait UIInterfaceOrientationPortraitUpsideDown UIInterfaceOrientationLandscapeLeft UIInterfaceOrientationLandscapeRight";
				INFOPLIST_KEY_UISupportedInterfaceOrientations_iPhone = "UIInterfaceOrientationPortrait UIInterfaceOrientationLandscapeLeft UIInterfaceOrientationLandscapeRight";
				LD_RUNPATH_SEARCH_PATHS = (
					"$(inherited)",
					"@executable_path/Frameworks",
				);
				MARKETING_VERSION = 1.0;
				PRODUCT_BUNDLE_IDENTIFIER = com.finnmcm.zip;
				PRODUCT_NAME = "$(TARGET_NAME)";
				SWIFT_EMIT_LOC_STRINGS = YES;
				SWIFT_VERSION = 5.0;
				TARGETED_DEVICE_FAMILY = "1,2";
			};
			name = Release;
		};
		AC88C0BE2E54FCBE00CBD98E /* Debug */ = {
			isa = XCBuildConfiguration;
			buildSettings = {
				BUNDLE_LOADER = "$(TEST_HOST)";
				CODE_SIGN_STYLE = Automatic;
				CURRENT_PROJECT_VERSION = 1;
				DEVELOPMENT_TEAM = KD89TX699B;
				GENERATE_INFOPLIST_FILE = YES;
				IPHONEOS_DEPLOYMENT_TARGET = 18.1;
				MARKETING_VERSION = 1.0;
				PRODUCT_BUNDLE_IDENTIFIER = com.finnmcm.ZipTests;
				PRODUCT_NAME = "$(TARGET_NAME)";
				SWIFT_EMIT_LOC_STRINGS = NO;
				SWIFT_VERSION = 5.0;
				TARGETED_DEVICE_FAMILY = "1,2";
				TEST_HOST = "$(BUILT_PRODUCTS_DIR)/Zip.app/$(BUNDLE_EXECUTABLE_FOLDER_PATH)/Zip";
			};
			name = Debug;
		};
		AC88C0BF2E54FCBE00CBD98E /* Release */ = {
			isa = XCBuildConfiguration;
			buildSettings = {
				BUNDLE_LOADER = "$(TEST_HOST)";
				CODE_SIGN_STYLE = Automatic;
				CURRENT_PROJECT_VERSION = 1;
				DEVELOPMENT_TEAM = KD89TX699B;
				GENERATE_INFOPLIST_FILE = YES;
				IPHONEOS_DEPLOYMENT_TARGET = 18.1;
				MARKETING_VERSION = 1.0;
				PRODUCT_BUNDLE_IDENTIFIER = com.finnmcm.ZipTests;
				PRODUCT_NAME = "$(TARGET_NAME)";
				SWIFT_EMIT_LOC_STRINGS = NO;
				SWIFT_VERSION = 5.0;
				TARGETED_DEVICE_FAMILY = "1,2";
				TEST_HOST = "$(BUILT_PRODUCTS_DIR)/Zip.app/$(BUNDLE_EXECUTABLE_FOLDER_PATH)/Zip";
			};
			name = Release;
		};
		AC88C0C12E54FCBE00CBD98E /* Debug */ = {
			isa = XCBuildConfiguration;
			buildSettings = {
				CODE_SIGN_STYLE = Automatic;
				CURRENT_PROJECT_VERSION = 1;
				DEVELOPMENT_TEAM = KD89TX699B;
				GENERATE_INFOPLIST_FILE = YES;
				MARKETING_VERSION = 1.0;
				PRODUCT_BUNDLE_IDENTIFIER = com.finnmcm.ZipUITests;
				PRODUCT_NAME = "$(TARGET_NAME)";
				SWIFT_EMIT_LOC_STRINGS = NO;
				SWIFT_VERSION = 5.0;
				TARGETED_DEVICE_FAMILY = "1,2";
				TEST_TARGET_NAME = Zip;
			};
			name = Debug;
		};
		AC88C0C22E54FCBE00CBD98E /* Release */ = {
			isa = XCBuildConfiguration;
			buildSettings = {
				CODE_SIGN_STYLE = Automatic;
				CURRENT_PROJECT_VERSION = 1;
				DEVELOPMENT_TEAM = KD89TX699B;
				GENERATE_INFOPLIST_FILE = YES;
				MARKETING_VERSION = 1.0;
				PRODUCT_BUNDLE_IDENTIFIER = com.finnmcm.ZipUITests;
				PRODUCT_NAME = "$(TARGET_NAME)";
				SWIFT_EMIT_LOC_STRINGS = NO;
				SWIFT_VERSION = 5.0;
				TARGETED_DEVICE_FAMILY = "1,2";
				TEST_TARGET_NAME = Zip;
			};
			name = Release;
		};
/* End XCBuildConfiguration section */

/* Begin XCConfigurationList section */
		AC88C08F2E54FCBB00CBD98E /* Build configuration list for PBXProject "Zip" */ = {
			isa = XCConfigurationList;
			buildConfigurations = (
				AC88C0B82E54FCBE00CBD98E /* Debug */,
				AC88C0B92E54FCBE00CBD98E /* Release */,
			);
			defaultConfigurationIsVisible = 0;
			defaultConfigurationName = Release;
		};
		AC88C0BA2E54FCBE00CBD98E /* Build configuration list for PBXNativeTarget "Zip" */ = {
			isa = XCConfigurationList;
			buildConfigurations = (
				AC88C0BB2E54FCBE00CBD98E /* Debug */,
				AC88C0BC2E54FCBE00CBD98E /* Release */,
			);
			defaultConfigurationIsVisible = 0;
			defaultConfigurationName = Release;
		};
		AC88C0BD2E54FCBE00CBD98E /* Build configuration list for PBXNativeTarget "ZipTests" */ = {
			isa = XCConfigurationList;
			buildConfigurations = (
				AC88C0BE2E54FCBE00CBD98E /* Debug */,
				AC88C0BF2E54FCBE00CBD98E /* Release */,
			);
			defaultConfigurationIsVisible = 0;
			defaultConfigurationName = Release;
		};
		AC88C0C02E54FCBE00CBD98E /* Build configuration list for PBXNativeTarget "ZipUITests" */ = {
			isa = XCConfigurationList;
			buildConfigurations = (
				AC88C0C12E54FCBE00CBD98E /* Debug */,
				AC88C0C22E54FCBE00CBD98E /* Release */,
			);
			defaultConfigurationIsVisible = 0;
			defaultConfigurationName = Release;
		};
/* End XCConfigurationList section */

/* Begin XCRemoteSwiftPackageReference section */
		AC9C5B942E57E39600E06D99 /* XCRemoteSwiftPackageReference "supabase-swift" */ = {
			isa = XCRemoteSwiftPackageReference;
			repositoryURL = "https://github.com/supabase/supabase-swift.git";
			requirement = {
				kind = upToNextMajorVersion;
				minimumVersion = 2.5.1;
			};
		};
		ACBA98BC2E7C9D0200670345 /* XCRemoteSwiftPackageReference "stripe-ios" */ = {
			isa = XCRemoteSwiftPackageReference;
			repositoryURL = "https://github.com/stripe/stripe-ios";
			requirement = {
				kind = upToNextMajorVersion;
				minimumVersion = 24.23.3;
			};
		};
		ACBA98CF2E7C9DCA00670345 /* XCRemoteSwiftPackageReference "firebase-ios-sdk" */ = {
			isa = XCRemoteSwiftPackageReference;
			repositoryURL = "https://github.com/firebase/firebase-ios-sdk";
			requirement = {
				kind = upToNextMajorVersion;
				minimumVersion = 12.3.0;
			};
		};
		ACBA98D62E7C9F1400670345 /* XCRemoteSwiftPackageReference "Inject" */ = {
			isa = XCRemoteSwiftPackageReference;
			repositoryURL = "https://github.com/krzysztofzablocki/Inject";
			requirement = {
				kind = upToNextMajorVersion;
				minimumVersion = 1.5.2;
			};
		};
/* End XCRemoteSwiftPackageReference section */

/* Begin XCSwiftPackageProductDependency section */
		AC9C5B952E57E39600E06D99 /* Auth */ = {
			isa = XCSwiftPackageProductDependency;
			package = AC9C5B942E57E39600E06D99 /* XCRemoteSwiftPackageReference "supabase-swift" */;
			productName = Auth;
		};
		AC9C5B972E57E39600E06D99 /* Functions */ = {
			isa = XCSwiftPackageProductDependency;
			package = AC9C5B942E57E39600E06D99 /* XCRemoteSwiftPackageReference "supabase-swift" */;
			productName = Functions;
		};
		AC9C5B992E57E39600E06D99 /* PostgREST */ = {
			isa = XCSwiftPackageProductDependency;
			package = AC9C5B942E57E39600E06D99 /* XCRemoteSwiftPackageReference "supabase-swift" */;
			productName = PostgREST;
		};
		AC9C5B9B2E57E39600E06D99 /* Realtime */ = {
			isa = XCSwiftPackageProductDependency;
			package = AC9C5B942E57E39600E06D99 /* XCRemoteSwiftPackageReference "supabase-swift" */;
			productName = Realtime;
		};
		AC9C5B9D2E57E39600E06D99 /* Storage */ = {
			isa = XCSwiftPackageProductDependency;
			package = AC9C5B942E57E39600E06D99 /* XCRemoteSwiftPackageReference "supabase-swift" */;
			productName = Storage;
		};
		AC9C5B9F2E57E39600E06D99 /* Supabase */ = {
			isa = XCSwiftPackageProductDependency;
			package = AC9C5B942E57E39600E06D99 /* XCRemoteSwiftPackageReference "supabase-swift" */;
			productName = Supabase;
		};
		ACBA98BD2E7C9D0200670345 /* Stripe */ = {
			isa = XCSwiftPackageProductDependency;
			package = ACBA98BC2E7C9D0200670345 /* XCRemoteSwiftPackageReference "stripe-ios" */;
			productName = Stripe;
		};
		ACBA98BF2E7C9D0200670345 /* StripeApplePay */ = {
			isa = XCSwiftPackageProductDependency;
			package = ACBA98BC2E7C9D0200670345 /* XCRemoteSwiftPackageReference "stripe-ios" */;
			productName = StripeApplePay;
		};
		ACBA98C12E7C9D0200670345 /* StripeCardScan */ = {
			isa = XCSwiftPackageProductDependency;
			package = ACBA98BC2E7C9D0200670345 /* XCRemoteSwiftPackageReference "stripe-ios" */;
			productName = StripeCardScan;
		};
		ACBA98C32E7C9D0200670345 /* StripeConnect */ = {
			isa = XCSwiftPackageProductDependency;
			package = ACBA98BC2E7C9D0200670345 /* XCRemoteSwiftPackageReference "stripe-ios" */;
			productName = StripeConnect;
		};
		ACBA98C52E7C9D0200670345 /* StripeFinancialConnections */ = {
			isa = XCSwiftPackageProductDependency;
			package = ACBA98BC2E7C9D0200670345 /* XCRemoteSwiftPackageReference "stripe-ios" */;
			productName = StripeFinancialConnections;
		};
		ACBA98C72E7C9D0200670345 /* StripeIdentity */ = {
			isa = XCSwiftPackageProductDependency;
			package = ACBA98BC2E7C9D0200670345 /* XCRemoteSwiftPackageReference "stripe-ios" */;
			productName = StripeIdentity;
		};
		ACBA98C92E7C9D0200670345 /* StripePaymentSheet */ = {
			isa = XCSwiftPackageProductDependency;
			package = ACBA98BC2E7C9D0200670345 /* XCRemoteSwiftPackageReference "stripe-ios" */;
			productName = StripePaymentSheet;
		};
		ACBA98CB2E7C9D0200670345 /* StripePayments */ = {
			isa = XCSwiftPackageProductDependency;
			package = ACBA98BC2E7C9D0200670345 /* XCRemoteSwiftPackageReference "stripe-ios" */;
			productName = StripePayments;
		};
		ACBA98CD2E7C9D0200670345 /* StripePaymentsUI */ = {
			isa = XCSwiftPackageProductDependency;
			package = ACBA98BC2E7C9D0200670345 /* XCRemoteSwiftPackageReference "stripe-ios" */;
			productName = StripePaymentsUI;
		};
		ACBA98D02E7C9DCA00670345 /* FirebaseCore */ = {
			isa = XCSwiftPackageProductDependency;
			package = ACBA98CF2E7C9DCA00670345 /* XCRemoteSwiftPackageReference "firebase-ios-sdk" */;
			productName = FirebaseCore;
		};
		ACBA98D22E7C9DCA00670345 /* FirebaseInAppMessaging-Beta */ = {
			isa = XCSwiftPackageProductDependency;
			package = ACBA98CF2E7C9DCA00670345 /* XCRemoteSwiftPackageReference "firebase-ios-sdk" */;
			productName = "FirebaseInAppMessaging-Beta";
		};
		ACBA98D42E7C9DCA00670345 /* FirebaseMessaging */ = {
			isa = XCSwiftPackageProductDependency;
			package = ACBA98CF2E7C9DCA00670345 /* XCRemoteSwiftPackageReference "firebase-ios-sdk" */;
			productName = FirebaseMessaging;
		};
		ACBA98D72E7C9F1400670345 /* Inject */ = {
			isa = XCSwiftPackageProductDependency;
			package = ACBA98D62E7C9F1400670345 /* XCRemoteSwiftPackageReference "Inject" */;
			productName = Inject;
		};
/* End XCSwiftPackageProductDependency section */
	};
	rootObject = AC88C08C2E54FCBB00CBD98E /* Project object */;
}
